{
  "name": "pdf-signs",
  "version": "1.0.0",
  "lockfileVersion": 3,
  "requires": true,
  "packages": {
    "": {
      "name": "pdf-signs",
      "version": "1.0.0",
      "license": "ISC",
      "dependencies": {
        "@jonz94/verify-pdf": "^2.0.0",
        "moment": "^2.30.1",
        "node-tesseract-ocr": "^2.2.1",
        "pdfreader": "^3.0.2"
      }
    },
    "node_modules/@jonz94/verify-pdf": {
      "version": "2.0.0",
      "resolved": "https://registry.npmjs.org/@jonz94/verify-pdf/-/verify-pdf-2.0.0.tgz",
      "integrity": "sha512-ihu2SeacokfEzCJ6p1802XHmOU6IzjvJIRf5Er7iIWTaLui5h1SNs+iNZym8BarY+FFh5O72IJ09z9F/yKdkUg==",
      "dependencies": {
        "node-forge": "^0.10.0"
      },
      "engines": {
        "node": ">=8.9"
      }
    },
    "node_modules/moment": {
      "version": "2.30.1",
      "resolved": "https://registry.npmjs.org/moment/-/moment-2.30.1.tgz",
      "integrity": "sha512-uEmtNhbDOrWPFS+hdjFCBfy9f2YoyzRpwcl+DqpC6taX21FzsTLQVbMV/W7PzNSX6x/bhC1zA3c2UQ5NzH6how==",
      "engines": {
        "node": "*"
      }
    },
    "node_modules/node-forge": {
      "version": "0.10.0",
      "resolved": "https://registry.npmjs.org/node-forge/-/node-forge-0.10.0.tgz",
      "integrity": "sha512-PPmu8eEeG9saEUvI97fm4OYxXVB6bFvyNTyiUOBichBpFG8A1Ljw3bY62+5oOjDEMHRnd0Y7HQ+x7uzxOzC6JA==",
      "engines": {
        "node": ">= 6.0.0"
      }
    },
    "node_modules/node-tesseract-ocr": {
      "version": "2.2.1",
      "resolved": "https://registry.npmjs.org/node-tesseract-ocr/-/node-tesseract-ocr-2.2.1.tgz",
      "integrity": "sha512-Q9cD79JGpPNQBxbi1fV+OAsTxYKLpx22sagsxSyKbu1u+t6UarApf5m32uVc8a5QAP1Wk7fIPN0aJFGGEE9DyQ==",
      "engines": {
        "node": ">=10"
      }
    },
    "node_modules/pdf2json": {
      "version": "3.0.1",
      "resolved": "https://registry.npmjs.org/pdf2json/-/pdf2json-3.0.1.tgz",
      "integrity": "sha512-1pNsakC8F+OuFS72U+ZI0u8J/voPYYDYHj/0B/7ywYUm3w0QurkDBy3pH35kzygjgmJJVHk2a9I6gBswFF8hQQ==",
      "bundleDependencies": [
        "@xmldom/xmldom"
      ],
      "dependencies": {
        "@xmldom/xmldom": "^0.8.6"
      },
      "bin": {
        "pdf2json": "bin/pdf2json"
      },
      "engines": {
        "node": ">=14.18.0",
        "npm": ">=8.12.1"
      }
    },
    "node_modules/pdf2json/node_modules/@xmldom/xmldom": {
      "version": "0.8.6",
      "inBundle": true,
      "license": "MIT",
      "engines": {
        "node": ">=10.0.0"
      }
    },
    "node_modules/pdfreader": {
      "version": "3.0.2",
      "resolved": "https://registry.npmjs.org/pdfreader/-/pdfreader-3.0.2.tgz",
      "integrity": "sha512-9Wo4B+Z/Gy0oePD/7du/M7W4D/lFhKq6wyApt02CDsp5YYyrJbzzRqIkXrNBmc2w0sfEkfsNzTjjMUV1R3jJnA==",
      "dependencies": {
        "pdf2json": "3.0.1"
      },
      "engines": {
        "node": ">=14"
      }
    }
  }
}
